
Microsoft Visual Studio Solution File, Format Version 12.00
Project("{FAE04EC0-301F-11D3-BF4B-00C04F79EFBC}") = "bielu.Umbraco.Cdn.Abstraction", "bielu.Umbraco.Cdn.Abstraction\bielu.Umbraco.Cdn.Abstraction.csproj", "{A492D0F4-E3E1-4799-8236-05B4022D774C}"
EndProject
Project("{FAE04EC0-301F-11D3-BF4B-00C04F79EFBC}") = "bielu.Umbraco.Cdn.Cloudflare", "bielu.Umbraco.Cdn.Cloudflare\bielu.Umbraco.Cdn.Cloudflare.csproj", "{90131FD3-FA3D-4AD3-9525-9BD5EB5FD0B0}"
EndProject
Project("{FAE04EC0-301F-11D3-BF4B-00C04F79EFBC}") = "bielu.Umbraco.Cdn.Azure", "bielu.Umbraco.Cdn.Azure\bielu.Umbraco.Cdn.Azure.csproj", "{81127530-AAA1-47CF-BFBC-CA8C9DC4CB7B}"
EndProject
Project("{FAE04EC0-301F-11D3-BF4B-00C04F79EFBC}") = "bielu.Umbraco.Cdn.Core", "bielu.Umbraco.Cdn.Core\bielu.Umbraco.Cdn.Core.csproj", "{0D012D1C-D8DD-4518-841A-5246305E926E}"
EndProject
Project("{FAE04EC0-301F-11D3-BF4B-00C04F79EFBC}") = "bielu.Umbraco.Cdn.Akamai", "bielu.Umbraco.Cdn.Akamai\bielu.Umbraco.Cdn.Akamai.csproj", "{6D96D8B4-2EC0-40C6-992C-02D7A9C520D8}"
EndProject
Project("{FAE04EC0-301F-11D3-BF4B-00C04F79EFBC}") = "bielu.Umbraco.TestProject", "bielu.Umbraco.TestProject\bielu.Umbraco.TestProject.csproj", "{28996D97-75A3-4CF6-A070-6D72227356EA}"
EndProject
Global
	GlobalSection(SolutionConfigurationPlatforms) = preSolution
		Debug|Any CPU = Debug|Any CPU
		Release|Any CPU = Release|Any CPU
	EndGlobalSection
	GlobalSection(ProjectConfigurationPlatforms) = postSolution
		{A492D0F4-E3E1-4799-8236-05B4022D774C}.Debug|Any CPU.ActiveCfg = Debug|Any CPU
		{A492D0F4-E3E1-4799-8236-05B4022D774C}.Debug|Any CPU.Build.0 = Debug|Any CPU
		{A492D0F4-E3E1-4799-8236-05B4022D774C}.Release|Any CPU.ActiveCfg = Release|Any CPU
		{A492D0F4-E3E1-4799-8236-05B4022D774C}.Release|Any CPU.Build.0 = Release|Any CPU
		{90131FD3-FA3D-4AD3-9525-9BD5EB5FD0B0}.Debug|Any CPU.ActiveCfg = Debug|Any CPU
		{90131FD3-FA3D-4AD3-9525-9BD5EB5FD0B0}.Debug|Any CPU.Build.0 = Debug|Any CPU
		{90131FD3-FA3D-4AD3-9525-9BD5EB5FD0B0}.Release|Any CPU.ActiveCfg = Release|Any CPU
		{90131FD3-FA3D-4AD3-9525-9BD5EB5FD0B0}.Release|Any CPU.Build.0 = Release|Any CPU
		{81127530-AAA1-47CF-BFBC-CA8C9DC4CB7B}.Debug|Any CPU.ActiveCfg = Debug|Any CPU
		{81127530-AAA1-47CF-BFBC-CA8C9DC4CB7B}.Debug|Any CPU.Build.0 = Debug|Any CPU
		{81127530-AAA1-47CF-BFBC-CA8C9DC4CB7B}.Release|Any CPU.ActiveCfg = Release|Any CPU
		{81127530-AAA1-47CF-BFBC-CA8C9DC4CB7B}.Release|Any CPU.Build.0 = Release|Any CPU
		{0D012D1C-D8DD-4518-841A-5246305E926E}.Debug|Any CPU.ActiveCfg = Debug|Any CPU
		{0D012D1C-D8DD-4518-841A-5246305E926E}.Debug|Any CPU.Build.0 = Debug|Any CPU
		{0D012D1C-D8DD-4518-841A-5246305E926E}.Release|Any CPU.ActiveCfg = Release|Any CPU
		{0D012D1C-D8DD-4518-841A-5246305E926E}.Release|Any CPU.Build.0 = Release|Any CPU
		{6D96D8B4-2EC0-40C6-992C-02D7A9C520D8}.Debug|Any CPU.ActiveCfg = Debug|Any CPU
		{6D96D8B4-2EC0-40C6-992C-02D7A9C520D8}.Debug|Any CPU.Build.0 = Debug|Any CPU
		{6D96D8B4-2EC0-40C6-992C-02D7A9C520D8}.Release|Any CPU.ActiveCfg = Release|Any CPU
		{6D96D8B4-2EC0-40C6-992C-02D7A9C520D8}.Release|Any CPU.Build.0 = Release|Any CPU
		{28996D97-75A3-4CF6-A070-6D72227356EA}.Debug|Any CPU.ActiveCfg = Debug|Any CPU
		{28996D97-75A3-4CF6-A070-6D72227356EA}.Debug|Any CPU.Build.0 = Debug|Any CPU
		{28996D97-75A3-4CF6-A070-6D72227356EA}.Release|Any CPU.ActiveCfg = Release|Any CPU
		{28996D97-75A3-4CF6-A070-6D72227356EA}.Release|Any CPU.Build.0 = Release|Any CPU
	EndGlobalSection
EndGlobal
